
Microsoft Visual Studio Solution File, Format Version 12.00
# Visual Studio Version 17
VisualStudioVersion = 17.2.32519.379
MinimumVisualStudioVersion = 10.0.40219.1
Project("{FAE04EC0-301F-11D3-BF4B-00C04F79EFBC}") = "Colaborando01", "Colaborando01\Colaborando01.csproj", "{4838D695-5FD0-4DAC-92EC-B6851E295EBA}"
EndProject
Global
	GlobalSection(SolutionConfigurationPlatforms) = preSolution
		Debug|Any CPU = Debug|Any CPU
		Release|Any CPU = Release|Any CPU
	EndGlobalSection
	GlobalSection(ProjectConfigurationPlatforms) = postSolution
		{4838D695-5FD0-4DAC-92EC-B6851E295EBA}.Debug|Any CPU.ActiveCfg = Debug|Any CPU
		{4838D695-5FD0-4DAC-92EC-B6851E295EBA}.Debug|Any CPU.Build.0 = Debug|Any CPU
		{4838D695-5FD0-4DAC-92EC-B6851E295EBA}.Release|Any CPU.ActiveCfg = Release|Any CPU
		{4838D695-5FD0-4DAC-92EC-B6851E295EBA}.Release|Any CPU.Build.0 = Release|Any CPU
	EndGlobalSection
	GlobalSection(SolutionProperties) = preSolution
		HideSolutionNode = FALSE
	EndGlobalSection
	GlobalSection(ExtensibilityGlobals) = postSolution
		SolutionGuid = {CC93661B-CE2B-47CE-8F96-F0C877BC6809}
	EndGlobalSection
EndGlobal
